# This file is automatically @generated by Poetry 2.2.1 and should not be changed by hand.

[[package]]
name = "anyio"
version = "4.12.1"
description = "High-level concurrency and networking framework on top of asyncio or Trio"
optional = false
python-versions = ">=3.9"
groups = ["main"]
files = [
    {file = "anyio-4.12.1-py3-none-any.whl", hash = "sha256:d405828884fc140aa80a3c667b8beed277f1dfedec42ba031bd6ac3db606ab6c"},
    {file = "anyio-4.12.1.tar.gz", hash = "sha256:41cfcc3a4c85d3f05c932da7c26d0201ac36f72abd4435ba90d0464a3ffed703"},
]

[package.dependencies]
exceptiongroup = {version = ">=1.0.2", markers = "python_version < \"3.11\""}
idna = ">=2.8"
typing_extensions = {version = ">=4.5", markers = "python_version < \"3.13\""}

[package.extras]
trio = ["trio (>=0.31.0) ; python_version < \"3.10\"", "trio (>=0.32.0) ; python_version >= \"3.10\""]

[[package]]
name = "black"
version = "26.1.0"
description = "The uncompromising code formatter."
optional = false
python-versions = ">=3.10"
groups = ["dev"]
files = [
    {file = "black-26.1.0-cp310-cp310-macosx_10_9_x86_64.whl", hash = "sha256:ca699710dece84e3ebf6e92ee15f5b8f72870ef984bf944a57a777a48357c168"},
    {file = "black-26.1.0-cp310-cp310-macosx_11_0_arm64.whl", hash = "sha256:5e8e75dabb6eb83d064b0db46392b25cabb6e784ea624219736e8985a6b3675d"},
    {file = "black-26.1.0-cp310-cp310-manylinux2014_x86_64.manylinux_2_17_x86_64.manylinux_2_28_x86_64.whl", hash = "sha256:eb07665d9a907a1a645ee41a0df8a25ffac8ad9c26cdb557b7b88eeeeec934e0"},
    {file = "black-26.1.0-cp310-cp310-win_amd64.whl", hash = "sha256:7ed300200918147c963c87700ccf9966dceaefbbb7277450a8d646fc5646bf24"},
    {file = "black-26.1.0-cp310-cp310-win_arm64.whl", hash = "sha256:c5b7713daea9bf943f79f8c3b46f361cc5229e0e604dcef6a8bb6d1c37d9df89"},
    {file = "black-26.1.0-cp311-cp311-macosx_10_9_x86_64.whl", hash = "sha256:3cee1487a9e4c640dc7467aaa543d6c0097c391dc8ac74eb313f2fbf9d7a7cb5"},
    {file = "black-26.1.0-cp311-cp311-macosx_11_0_arm64.whl", hash = "sha256:d62d14ca31c92adf561ebb2e5f2741bf8dea28aef6deb400d49cca011d186c68"},
    {file = "black-26.1.0-cp311-cp311-manylinux2014_x86_64.manylinux_2_17_x86_64.manylinux_2_28_x86_64.whl", hash = "sha256:fb1dafbbaa3b1ee8b4550a84425aac8874e5f390200f5502cf3aee4a2acb2f14"},
    {file = "black-26.1.0-cp311-cp311-win_amd64.whl", hash = "sha256:101540cb2a77c680f4f80e628ae98bd2bd8812fb9d72ade4f8995c5ff019e82c"},
    {file = "black-26.1.0-cp311-cp311-win_arm64.whl", hash = "sha256:6f3977a16e347f1b115662be07daa93137259c711e526402aa444d7a88fdc9d4"},
    {file = "black-26.1.0-cp312-cp312-macosx_10_13_x86_64.whl", hash = "sha256:6eeca41e70b5f5c84f2f913af857cf2ce17410847e1d54642e658e078da6544f"},
    {file = "black-26.1.0-cp312-cp312-macosx_11_0_arm64.whl", hash = "sha256:dd39eef053e58e60204f2cdf059e2442e2eb08f15989eefe259870f89614c8b6"},
    {file = "black-26.1.0-cp312-cp312-manylinux2014_x86_64.manylinux_2_17_x86_64.manylinux_2_28_x86_64.whl", hash = "sha256:9459ad0d6cd483eacad4c6566b0f8e42af5e8b583cee917d90ffaa3778420a0a"},
    {file = "black-26.1.0-cp312-cp312-win_amd64.whl", hash = "sha256:a19915ec61f3a8746e8b10adbac4a577c6ba9851fa4a9e9fbfbcf319887a5791"},
    {file = "black-26.1.0-cp312-cp312-win_arm64.whl", hash = "sha256:643d27fb5facc167c0b1b59d0315f2674a6e950341aed0fc05cf307d22bf4954"},
    {file = "black-26.1.0-cp313-cp313-macosx_10_13_x86_64.whl", hash = "sha256:ba1d768fbfb6930fc93b0ecc32a43d8861ded16f47a40f14afa9bb04ab93d304"},
    {file = "black-26.1.0-cp313-cp313-macosx_11_0_arm64.whl", hash = "sha256:2b807c240b64609cb0e80d2200a35b23c7df82259f80bef1b2c96eb422b4aac9"},
    {file = "black-26.1.0-cp313-cp313-manylinux2014_x86_64.manylinux_2_17_x86_64.manylinux_2_28_x86_64.whl", hash = "sha256:1de0f7d01cc894066a1153b738145b194414cc6eeaad8ef4397ac9abacf40f6b"},
    {file = "black-26.1.0-cp313-cp313-win_amd64.whl", hash = "sha256:91a68ae46bf07868963671e4d05611b179c2313301bd756a89ad4e3b3db2325b"},
    {file = "black-26.1.0-cp313-cp313-win_arm64.whl", hash = "sha256:be5e2fe860b9bd9edbf676d5b60a9282994c03fbbd40fe8f5e75d194f96064ca"},
    {file = "black-26.1.0-cp314-cp314-macosx_10_15_x86_64.whl", hash = "sha256:9dc8c71656a79ca49b8d3e2ce8103210c9481c57798b48deeb3a8bb02db5f115"},
    {file = "black-26.1.0-cp314-cp314-macosx_11_0_arm64.whl", hash = "sha256:b22b3810451abe359a964cc88121d57f7bce482b53a066de0f1584988ca36e79"},
    {file = "black-26.1.0-cp314-cp314-manylinux2014_x86_64.manylinux_2_17_x86_64.manylinux_2_28_x86_64.whl", hash = "sha256:53c62883b3f999f14e5d30b5a79bd437236658ad45b2f853906c7cbe79de00af"},
    {file = "black-26.1.0-cp314-cp314-win_amd64.whl", hash = "sha256:f016baaadc423dc960cdddf9acae679e71ee02c4c341f78f3179d7e4819c095f"},
    {file = "black-26.1.0-cp314-cp314-win_arm64.whl", hash = "sha256:66912475200b67ef5a0ab665011964bf924745103f51977a78b4fb92a9fc1bf0"},
    {file = "black-26.1.0-py3-none-any.whl", hash = "sha256:1054e8e47ebd686e078c0bb0eaf31e6ce69c966058d122f2c0c950311f9f3ede"},
    {file = "black-26.1.0.tar.gz", hash = "sha256:d294ac3340eef9c9eb5d29288e96dc719ff269a88e27b396340459dd85da4c58"},
]

[package.dependencies]
click = ">=8.0.0"
mypy-extensions = ">=0.4.3"
packaging = ">=22.0"
pathspec = ">=1.0.0"
platformdirs = ">=2"
pytokens = ">=0.3.0"
tomli = {version = ">=1.1.0", markers = "python_version < \"3.11\""}
typing-extensions = {version = ">=4.0.1", markers = "python_version < \"3.11\""}

[package.extras]
colorama = ["colorama (>=0.4.3)"]
d = ["aiohttp (>=3.10)"]
jupyter = ["ipython (>=7.8.0)", "tokenize-rt (>=3.2.0)"]
uvloop = ["uvloop (>=0.15.2)"]

[[package]]
name = "certifi"
version = "2024.7.4"
description = "Python package for providing Mozilla's CA Bundle."
optional = false
python-versions = ">=3.6"
groups = ["main"]
files = [
    {file = "certifi-2024.7.4-py3-none-any.whl", hash = "sha256:c198e21b1289c2ab85ee4e67bb4b4ef3ead0892059901a8d5b622f24a1101e90"},
    {file = "certifi-2024.7.4.tar.gz", hash = "sha256:5a1e7645bc0ec61a09e26c36f6106dd4cf40c6db3a1fb6352b0244e7fb057c7b"},
]

[[package]]
name = "click"
version = "8.3.1"
description = "Composable command line interface toolkit"
optional = false
python-versions = ">=3.10"
groups = ["main", "dev"]
files = [
    {file = "click-8.3.1-py3-none-any.whl", hash = "sha256:981153a64e25f12d547d3426c367a4857371575ee7ad18df2a6183ab0545b2a6"},
    {file = "click-8.3.1.tar.gz", hash = "sha256:12ff4785d337a1bb490bb7e9c2b1ee5da3112e94a8622f26a6c77f5d2fc6842a"},
]

[package.dependencies]
colorama = {version = "*", markers = "platform_system == \"Windows\""}

[[package]]
name = "colorama"
version = "0.4.6"
description = "Cross-platform colored terminal text."
optional = false
python-versions = "!=3.0.*,!=3.1.*,!=3.2.*,!=3.3.*,!=3.4.*,!=3.5.*,!=3.6.*,>=2.7"
groups = ["main", "dev"]
files = [
    {file = "colorama-0.4.6-py2.py3-none-any.whl", hash = "sha256:4f1d9991f5acc0ca119f9d443620b77f9d6b33703e51011c16baf57afb285fc6"},
    {file = "colorama-0.4.6.tar.gz", hash = "sha256:08695f5cb7ed6e0531a20572697297273c47b8cae5a63ffc6d6ed5c201be6e44"},
]
markers = {main = "platform_system == \"Windows\"", dev = "platform_system == \"Windows\" or sys_platform == \"win32\""}

[[package]]
name = "elastic-transport"
version = "9.2.1"
description = "Transport classes and utilities shared among Python Elastic client libraries"
optional = false
python-versions = ">=3.10"
groups = ["main"]
files = [
    {file = "elastic_transport-9.2.1-py3-none-any.whl", hash = "sha256:39e1a25e486af34ce7aa1bc9005d1c736f1b6fb04c9b64ea0604ded5a61fc1d4"},
    {file = "elastic_transport-9.2.1.tar.gz", hash = "sha256:97d9abd638ba8aa90faa4ca1bf1a18bde0fe2088fbc8757f2eb7b299f205773d"},
]

[package.dependencies]
certifi = "*"
sniffio = "*"
urllib3 = ">=1.26.2,<3"

[package.extras]
develop = ["aiohttp", "anyio", "furo", "httpx", "opentelemetry-api", "opentelemetry-sdk", "orjson", "pytest", "pytest-asyncio", "pytest-cov", "pytest-httpbin", "pytest-httpserver", "pytest-mock", "requests", "respx", "sphinx (>2)", "sphinx-autodoc-typehints", "trio", "trustme"]

[[package]]
name = "elasticsearch"
version = "9.2.1"
description = "Python client for Elasticsearch"
optional = false
python-versions = ">=3.10"
groups = ["main"]
files = [
    {file = "elasticsearch-9.2.1-py3-none-any.whl", hash = "sha256:8665f5a0b4d29a7c2772851c05ea8a09279abb7928b7d727524613bd61d75958"},
    {file = "elasticsearch-9.2.1.tar.gz", hash = "sha256:97f473418e8976611349757287ac982acf12f4e305182863d985d5a031c36830"},
]

[package.dependencies]
anyio = "*"
elastic-transport = ">=9.2.0,<10"
python-dateutil = "*"
sniffio = "*"
typing-extensions = "*"

[package.extras]
async = ["aiohttp (>=3,<4)"]
dev = ["aiohttp", "black", "build", "coverage", "httpx", "isort", "jinja2", "mapbox-vector-tile", "mypy", "nox", "numpy", "orjson", "pandas", "pyarrow ; python_version < \"3.14\"", "pydantic", "pyright", "pytest", "pytest-asyncio", "pytest-cov", "pytest-mock", "python-dateutil", "pyyaml (>=5.4)", "requests (>=2,<3)", "simsimd", "tqdm", "trio", "twine", "types-python-dateutil", "types-tqdm", "unasync"]
docs = ["sphinx", "sphinx-autodoc-typehints", "sphinx-rtd-theme (>=2.0)"]
orjson = ["orjson (>=3)"]
pyarrow = ["pyarrow (>=1)"]
requests = ["requests (>=2.4.0,!=2.32.2,<3.0.0)"]
vectorstore-mmr = ["numpy (>=1)", "simsimd (>=3)"]

[[package]]
name = "exceptiongroup"
version = "1.1.0"
description = "Backport of PEP 654 (exception groups)"
optional = false
python-versions = ">=3.7"
groups = ["main", "dev"]
markers = "python_version == \"3.10\""
files = [
    {file = "exceptiongroup-1.1.0-py3-none-any.whl", hash = "sha256:327cbda3da756e2de031a3107b81ab7b3770a602c4d16ca618298c526f4bec1e"},
    {file = "exceptiongroup-1.1.0.tar.gz", hash = "sha256:bcb67d800a4497e1b404c2dd44fca47d3b7a5e5433dbab67f96c1a685cdfdf23"},
]

[package.extras]
test = ["pytest (>=6)"]

[[package]]
name = "flake8"
version = "7.3.0"
description = "the modular source code checker: pep8 pyflakes and co"
optional = false
python-versions = ">=3.9"
groups = ["dev"]
files = [
    {file = "flake8-7.3.0-py2.py3-none-any.whl", hash = "sha256:b9696257b9ce8beb888cdbe31cf885c90d31928fe202be0889a7cdafad32f01e"},
    {file = "flake8-7.3.0.tar.gz", hash = "sha256:fe044858146b9fc69b551a4b490d69cf960fcb78ad1edcb84e7fbb1b4a8e3872"},
]

[package.dependencies]
mccabe = ">=0.7.0,<0.8.0"
pycodestyle = ">=2.14.0,<2.15.0"
pyflakes = ">=3.4.0,<3.5.0"

[[package]]
name = "idna"
version = "3.11"
description = "Internationalized Domain Names in Applications (IDNA)"
optional = false
python-versions = ">=3.8"
groups = ["main"]
files = [
    {file = "idna-3.11-py3-none-any.whl", hash = "sha256:771a87f49d9defaf64091e6e6fe9c18d4833f140bd19464795bc32d966ca37ea"},
    {file = "idna-3.11.tar.gz", hash = "sha256:795dafcc9c04ed0c1fb032c2aa73654d8e8c5023a7df64a53f39190ada629902"},
]

[package.extras]
all = ["flake8 (>=7.1.1)", "mypy (>=1.11.2)", "pytest (>=8.3.2)", "ruff (>=0.6.2)"]

[[package]]
name = "iniconfig"
version = "2.0.0"
description = "brain-dead simple config-ini parsing"
optional = false
python-versions = ">=3.7"
groups = ["dev"]
files = [
    {file = "iniconfig-2.0.0-py3-none-any.whl", hash = "sha256:b6a85871a79d2e3b22d2d1b94ac2824226a63c6b741c88f7ae975f18b6778374"},
    {file = "iniconfig-2.0.0.tar.gz", hash = "sha256:2d91e135bf72d31a410b17c16da610a82cb55f6b0477d1a902134b24a455b8b3"},
]

[[package]]
name = "mccabe"
version = "0.7.0"
description = "McCabe checker, plugin for flake8"
optional = false
python-versions = ">=3.6"
groups = ["dev"]
files = [
    {file = "mccabe-0.7.0-py2.py3-none-any.whl", hash = "sha256:6c2d30ab6be0e4a46919781807b4f0d834ebdd6c6e3dca0bda5a15f863427b6e"},
    {file = "mccabe-0.7.0.tar.gz", hash = "sha256:348e0240c33b60bbdf4e523192ef919f28cb2c3d7d5c7794f74009290f236325"},
]

[[package]]
name = "mypy-extensions"
version = "1.0.0"
description = "Type system extensions for programs checked with the mypy type checker."
optional = false
python-versions = ">=3.5"
groups = ["dev"]
files = [
    {file = "mypy_extensions-1.0.0-py3-none-any.whl", hash = "sha256:4392f6c0eb8a5668a69e23d168ffa70f0be9ccfd32b5cc2d26a34ae5b844552d"},
    {file = "mypy_extensions-1.0.0.tar.gz", hash = "sha256:75dbf8955dc00442a438fc4d0666508a9a97b6bd41aa2f0ffe9d2f2725af0782"},
]

[[package]]
name = "packaging"
version = "23.0"
description = "Core utilities for Python packages"
optional = false
python-versions = ">=3.7"
groups = ["dev"]
files = [
    {file = "packaging-23.0-py3-none-any.whl", hash = "sha256:714ac14496c3e68c99c29b00845f7a2b85f3bb6f1078fd9f72fd20f0570002b2"},
    {file = "packaging-23.0.tar.gz", hash = "sha256:b6ad297f8907de0fa2fe1ccbd26fdaf387f5f47c7275fedf8cce89f99446cf97"},
]

[[package]]
name = "pathspec"
version = "1.0.3"
description = "Utility library for gitignore style pattern matching of file paths."
optional = false
python-versions = ">=3.9"
groups = ["dev"]
files = [
    {file = "pathspec-1.0.3-py3-none-any.whl", hash = "sha256:e80767021c1cc524aa3fb14bedda9c34406591343cc42797b386ce7b9354fb6c"},
    {file = "pathspec-1.0.3.tar.gz", hash = "sha256:bac5cf97ae2c2876e2d25ebb15078eb04d76e4b98921ee31c6f85ade8b59444d"},
]

[package.extras]
hyperscan = ["hyperscan (>=0.7)"]
optional = ["typing-extensions (>=4)"]
re2 = ["google-re2 (>=1.1)"]
tests = ["pytest (>=9)", "typing-extensions (>=4.15)"]

[[package]]
name = "platformdirs"
version = "3.0.0"
description = "A small Python package for determining appropriate platform-specific dirs, e.g. a \"user data dir\"."
optional = false
python-versions = ">=3.7"
groups = ["dev"]
files = [
    {file = "platformdirs-3.0.0-py3-none-any.whl", hash = "sha256:b1d5eb14f221506f50d6604a561f4c5786d9e80355219694a1b244bcd96f4567"},
    {file = "platformdirs-3.0.0.tar.gz", hash = "sha256:8a1228abb1ef82d788f74139988b137e78692984ec7b08eaa6c65f1723af28f9"},
]

[package.extras]
docs = ["furo (>=2022.12.7)", "proselint (>=0.13)", "sphinx (>=6.1.3)", "sphinx-autodoc-typehints (>=1.22,!=1.23.4)"]
test = ["appdirs (==1.4.4)", "covdefaults (>=2.2.2)", "pytest (>=7.2.1)", "pytest-cov (>=4)", "pytest-mock (>=3.10)"]

[[package]]
name = "pluggy"
version = "1.5.0"
description = "plugin and hook calling mechanisms for python"
optional = false
python-versions = ">=3.8"
groups = ["dev"]
files = [
    {file = "pluggy-1.5.0-py3-none-any.whl", hash = "sha256:44e1ad92c8ca002de6377e165f3e0f1be63266ab4d554740532335b9d75ea669"},
    {file = "pluggy-1.5.0.tar.gz", hash = "sha256:2cffa88e94fdc978c4c574f15f9e59b7f4201d439195c3715ca9e2486f1d0cf1"},
]

[package.extras]
dev = ["pre-commit", "tox"]
testing = ["pytest", "pytest-benchmark"]

[[package]]
name = "pycodestyle"
version = "2.14.0"
description = "Python style guide checker"
optional = false
python-versions = ">=3.9"
groups = ["dev"]
files = [
    {file = "pycodestyle-2.14.0-py2.py3-none-any.whl", hash = "sha256:dd6bf7cb4ee77f8e016f9c8e74a35ddd9f67e1d5fd4184d86c3b98e07099f42d"},
    {file = "pycodestyle-2.14.0.tar.gz", hash = "sha256:c4b5b517d278089ff9d0abdec919cd97262a3367449ea1c8b49b91529167b783"},
]

[[package]]
name = "pyflakes"
version = "3.4.0"
description = "passive checker of Python programs"
optional = false
python-versions = ">=3.9"
groups = ["dev"]
files = [
    {file = "pyflakes-3.4.0-py2.py3-none-any.whl", hash = "sha256:f742a7dbd0d9cb9ea41e9a24a918996e8170c799fa528688d40dd582c8265f4f"},
    {file = "pyflakes-3.4.0.tar.gz", hash = "sha256:b24f96fafb7d2ab0ec5075b7350b3d2d2218eab42003821c06344973d3ea2f58"},
]

[[package]]
name = "pygments"
version = "2.19.1"
description = "Pygments is a syntax highlighting package written in Python."
optional = false
python-versions = ">=3.8"
groups = ["dev"]
files = [
    {file = "pygments-2.19.1-py3-none-any.whl", hash = "sha256:9ea1544ad55cecf4b8242fab6dd35a93bbce657034b0611ee383099054ab6d8c"},
    {file = "pygments-2.19.1.tar.gz", hash = "sha256:61c16d2a8576dc0649d9f39e089b5f02bcd27fba10d8fb4dcc28173f7a45151f"},
]

[package.extras]
windows-terminal = ["colorama (>=0.4.6)"]

[[package]]
name = "pytest"
version = "9.0.2"
description = "pytest: simple powerful testing with Python"
optional = false
python-versions = ">=3.10"
groups = ["dev"]
files = [
    {file = "pytest-9.0.2-py3-none-any.whl", hash = "sha256:711ffd45bf766d5264d487b917733b453d917afd2b0ad65223959f59089f875b"},
    {file = "pytest-9.0.2.tar.gz", hash = "sha256:75186651a92bd89611d1d9fc20f0b4345fd827c41ccd5c299a868a05d70edf11"},
]

[package.dependencies]
colorama = {version = ">=0.4", markers = "sys_platform == \"win32\""}
exceptiongroup = {version = ">=1", markers = "python_version < \"3.11\""}
iniconfig = ">=1.0.1"
packaging = ">=22"
pluggy = ">=1.5,<2"
pygments = ">=2.7.2"
tomli = {version = ">=1", markers = "python_version < \"3.11\""}

[package.extras]
dev = ["argcomplete", "attrs (>=19.2)", "hypothesis (>=3.56)", "mock", "requests", "setuptools", "xmlschema"]

[[package]]
name = "python-dateutil"
version = "2.8.2"
description = "Extensions to the standard Python datetime module"
optional = false
python-versions = "!=3.0.*,!=3.1.*,!=3.2.*,>=2.7"
groups = ["main"]
files = [
    {file = "python-dateutil-2.8.2.tar.gz", hash = "sha256:0123cacc1627ae19ddf3c27a5de5bd67ee4586fbdd6440d9748f8abb483d3e86"},
    {file = "python_dateutil-2.8.2-py2.py3-none-any.whl", hash = "sha256:961d03dc3453ebbc59dbdea9e4e11c5651520a876d0f4db161e8674aae935da9"},
]

[package.dependencies]
six = ">=1.5"

[[package]]
name = "python-decouple"
version = "3.8"
description = "Strict separation of settings from code."
optional = false
python-versions = "*"
groups = ["main"]
files = [
    {file = "python-decouple-3.8.tar.gz", hash = "sha256:ba6e2657d4f376ecc46f77a3a615e058d93ba5e465c01bbe57289bfb7cce680f"},
    {file = "python_decouple-3.8-py3-none-any.whl", hash = "sha256:d0d45340815b25f4de59c974b855bb38d03151d81b037d9e3f463b0c9f8cbd66"},
]

[[package]]
name = "pytokens"
version = "0.3.0"
description = "A Fast, spec compliant Python 3.14+ tokenizer that runs on older Pythons."
optional = false
python-versions = ">=3.8"
groups = ["dev"]
files = [
    {file = "pytokens-0.3.0-py3-none-any.whl", hash = "sha256:95b2b5eaf832e469d141a378872480ede3f251a5a5041b8ec6e581d3ac71bbf3"},
    {file = "pytokens-0.3.0.tar.gz", hash = "sha256:2f932b14ed08de5fcf0b391ace2642f858f1394c0857202959000b68ed7a458a"},
]

[package.extras]
dev = ["black", "build", "mypy", "pytest", "pytest-cov", "setuptools", "tox", "twine", "wheel"]

[[package]]
name = "selectolax"
version = "0.4.1"
description = "Fast HTML5 parser with CSS selectors."
optional = false
python-versions = ">=3.9"
groups = ["main"]
files = [
    {file = "selectolax-0.4.1-cp310-cp310-macosx_10_9_x86_64.whl", hash = "sha256:e2c39bffad15247afe4cef9fcc752879ad68e7c872be750448aca3b1fa5e5ece"},
    {file = "selectolax-0.4.1-cp310-cp310-macosx_11_0_arm64.whl", hash = "sha256:ed4e2144b0d4c518480bdbf7dc1f595219c4f91cfcfb48b716a083575d439806"},
    {file = "selectolax-0.4.1-cp310-cp310-manylinux2014_aarch64.manylinux_2_17_aarch64.manylinux_2_28_aarch64.whl", hash = "sha256:1436837403871249ec6bb7c1b7fc571996e3e49fe9042a0631f15c8255664e07"},
    {file = "selectolax-0.4.1-cp310-cp310-manylinux2014_x86_64.manylinux_2_17_x86_64.manylinux_2_28_x86_64.whl", hash = "sha256:d856ddff667ac9fde529228719e142cd4a4cf033d41b7e5da20e216fdcc3f974"},
    {file = "selectolax-0.4.1-cp310-cp310-musllinux_1_2_aarch64.whl", hash = "sha256:21ca0ddaf259abc7adea24bb8e48852aab8937e12d7343a401a08a5be185f984"},
    {file = "selectolax-0.4.1-cp310-cp310-musllinux_1_2_x86_64.whl", hash = "sha256:9c5c7a11d5e688ba30eb0df18829eebe77d527324dfd6273a8ea5f32367b439b"},
    {file = "selectolax-0.4.1-cp310-cp310-win32.whl", hash = "sha256:c366e0618c215029f6dd37717acc092387107fdbaf5c9d1595356e943824778c"},
    {file = "selectolax-0.4.1-cp310-cp310-win_amd64.whl", hash = "sha256:5387c4673c460516a7e42cd9d3d7a68a7f4738d11f35e1e6e4c5d0c80a7446ea"},
    {file = "selectolax-0.4.1-cp310-cp310-win_arm64.whl", hash = "sha256:b47474ecd10c6142f5543c6d2cb7449c073dd4930a4761808cf40c173eeca273"},
    {file = "selectolax-0.4.1-cp311-cp311-macosx_10_9_x86_64.whl", hash = "sha256:7fdb85ee8019ae6507ead4ed6763cf42b0ef9732fa4c1db80756ab6e330b99a9"},
    {file = "selectolax-0.4.1-cp311-cp311-macosx_11_0_arm64.whl", hash = "sha256:0d4d9324ba9b3fd814f670fa00721dd1e034f83cce9ae5669abf1d20e6506845"},
    {file = "selectolax-0.4.1-cp311-cp311-manylinux2014_aarch64.manylinux_2_17_aarch64.manylinux_2_28_aarch64.whl", hash = "sha256:b09c36be9aff672686b180a0c684426a8fa9881fc798bdf428dfd93509c5dce8"},
    {file = "selectolax-0.4.1-cp311-cp311-manylinux2014_x86_64.manylinux_2_17_x86_64.manylinux_2_28_x86_64.whl", hash = "sha256:74f3ea7678c79f31c36d1a674ab9c3046aa9a98fadb2c80637b608edbfd1908a"},
    {file = "selectolax-0.4.1-cp311-cp311-musllinux_1_2_aarch64.whl", hash = "sha256:2237dbf51a3d596e2e2a887da74ed25c80a6058fb1e3d17f91f7ed45653a92bf"},
    {file = "selectolax-0.4.1-cp311-cp311-musllinux_1_2_x86_64.whl", hash = "sha256:80e43bd84a5af2c6bb34c489eb172d9f3f7bf757c935f099bcd7b2ce920e66da"},
    {file = "selectolax-0.4.1-cp311-cp311-win32.whl", hash = "sha256:bca7c37dd8bca2cfb41ba2e63f3bf04823c2d986ee7831ca2e81dbb4d7278f78"},
    {file = "selectolax-0.4.1-cp311-cp311-win_amd64.whl", hash = "sha256:73f46fc397b309ec472134c8d59b02c90d5bd171acb2c1368b4d75c8a139bb4d"},
    {file = "selectolax-0.4.1-cp311-cp311-win_arm64.whl", hash = "sha256:13c17c0a4be4cc877ae670096aa7152b1c23a700d44231fc5db4657cc4c3add7"},
    {file = "selectolax-0.4.1-cp312-cp312-macosx_10_13_x86_64.whl", hash = "sha256:a1dae8dacc0915d23fb81063dd937393f769aff3a9d24e6b499c02a008766f37"},
    {file = "selectolax-0.4.1-cp312-cp312-macosx_11_0_arm64.whl", hash = "sha256:dd800f6ef54da4086934db1b4b569acfbbe69d5f4f9959dddbbfaff67b890c23"},
    {file = "selectolax-0.4.1-cp312-cp312-manylinux2014_aarch64.manylinux_2_17_aarch64.manylinux_2_28_aarch64.whl", hash = "sha256:4a0ededa5361287a6a8bde2b94d2ac920529079fd643e3e9e27cc927004dd65e"},
    {file = "selectolax-0.4.1-cp312-cp312-manylinux2014_x86_64.manylinux_2_17_x86_64.manylinux_2_28_x86_64.whl", hash = "sha256:ac9491a1b29f712695cd3c32f75722775cb7ee70236023df696f462299b590fe"},
    {file = "selectolax-0.4.1-cp312-cp312-musllinux_1_2_aarch64.whl", hash = "sha256:677bfed36aeea126e28a601aeba5f8dff7a42c808e0a55a2deac7c4599177aba"},
    {file = "selectolax-0.4.1-cp312-cp312-musllinux_1_2_x86_64.whl", hash = "sha256:ff58c34e76010f9ef17b94a7481404ad143d7560142e077c38ea291e982b1ef7"},
    {file = "selectolax-0.4.1-cp312-cp312-win32.whl", hash = "sha256:1d6786f77eb9fd27cd6acd4009aefa6a6924553b40bc3be7e24201de55a8fc3f"},
    {file = "selectolax-0.4.1-cp312-cp312-win_amd64.whl", hash = "sha256:b14d8259f819c72ce11454fd6b1466da1a03c9b7bbe0170d577cb0acc1258ea6"},
    {file = "selectolax-0.4.1-cp312-cp312-win_arm64.whl", hash = "sha256:6a8acdcd6452b66e094d0aa0db1d0aa1a752ddf98a4907fd87253c7ab1314768"},
    {file = "selectolax-0.4.1-cp313-cp313-macosx_10_13_x86_64.whl", hash = "sha256:97964efa178891820c4ac4921260d47be3a0cfb3d7c6f8090ad7bacd3a546176"},
    {file = "selectolax-0.4.1-cp313-cp313-macosx_11_0_arm64.whl", hash = "sha256:67c0c28c50e79bd524dd0ad8050ac669d198608144d6b68b81b087221163caa5"},
    {file = "selectolax-0.4.1-cp313-cp313-manylinux2014_aarch64.manylinux_2_17_aarch64.manylinux_2_28_aarch64.whl", hash = "sha256:406fa1597ec6e1b0bd30051f114a9497aab28a37d1f1c6693372485df4fa8c03"},
    {file = "selectolax-0.4.1-cp313-cp313-manylinux2014_x86_64.manylinux_2_17_x86_64.manylinux_2_28_x86_64.whl", hash = "sha256:068b75e52dfea7f46a8f3ab86d8318e42e06f02274c55558877cbf3bdc93c00e"},
    {file = "selectolax-0.4.1-cp313-cp313-musllinux_1_2_aarch64.whl", hash = "sha256:57fa60ac22171d03877497d0fe02f3de6b750c99f11c9c1a6dbb8a234b2021ef"},
    {file = "selectolax-0.4.1-cp313-cp313-musllinux_1_2_x86_64.whl", hash = "sha256:d3e04c450e510a22468aa063227d40a1eac155d78852f215ed3c1b718378eb26"},
    {file = "selectolax-0.4.1-cp313-cp313-win32.whl", hash = "sha256:0b564904c3b1e4700f3046884a9d4abc3bbe1e05debb2d2871deeb664e9afe35"},
    {file = "selectolax-0.4.1-cp313-cp313-win_amd64.whl", hash = "sha256:44c4654d8519d1c016e8ef2db75f16b63c2635505da5ab6702043cbb340b484e"},
    {file = "selectolax-0.4.1-cp313-cp313-win_arm64.whl", hash = "sha256:79d7c150d70168aa817fe91b0e026574e14475122429e3fa4659e77efa28128b"},
    {file = "selectolax-0.4.1-cp314-cp314-macosx_10_13_x86_64.whl", hash = "sha256:058fbf1fcbe7d91cb865917ee9f76b2ad86668e8ddd071495b1ad30c112a1869"},
    {file = "selectolax-0.4.1-cp314-cp314-macosx_11_0_arm64.whl", hash = "sha256:e81cd405ccb59c96f89a2e3c9bf928072cd37024613b7e2f6a0c34fb933f5517"},
    {file = "selectolax-0.4.1-cp314-cp314-manylinux2014_aarch64.manylinux_2_17_aarch64.manylinux_2_28_aarch64.whl", hash = "sha256:b356ba11a3666499a96ac4e20f1ce847d49501df15b1fdbb79d2387f6608f7d6"},
    {file = "selectolax-0.4.1-cp314-cp314-manylinux2014_x86_64.manylinux_2_17_x86_64.manylinux_2_28_x86_64.whl", hash = "sha256:c6447adabd584c7c60cf8ce5c6cd30b4b410061d838d94a69e18dab467325618"},
    {file = "selectolax-0.4.1-cp314-cp314-musllinux_1_2_aarch64.whl", hash = "sha256:6104aea4b2e7407edbbc9a9545698e9f3df3c6a4c47f204a83568b0728366905"},
    {file = "selectolax-0.4.1-cp314-cp314-musllinux_1_2_x86_64.whl", hash = "sha256:bce67e316c6ab957bd0a46c8df2f14c2a7bcc7752ece3b570724092ec84245ca"},
    {file = "selectolax-0.4.1-cp314-cp314-win32.whl", hash = "sha256:a6a93d5964a0f9b580d37e8aebf13ca2a37804e9d75d6481b016f9a4770d4a39"},
    {file = "selectolax-0.4.1-cp314-cp314-win_amd64.whl", hash = "sha256:d702743f9e69d101305d9cf3b2d92aebc0acae806bb0c113dd9ba2c78e80b9cd"},
    {file = "selectolax-0.4.1-cp314-cp314-win_arm64.whl", hash = "sha256:6edbe6ecee7da69211828425116521b3e62111351c4c3e344e4da257275004f7"},
    {file = "selectolax-0.4.1-cp314-cp314t-macosx_10_13_x86_64.whl", hash = "sha256:93320c0f1f81ad686f804ebec1024bb22a3ac696b77aa5087809faccfc65f901"},
    {file = "selectolax-0.4.1-cp314-cp314t-macosx_11_0_arm64.whl", hash = "sha256:2efcc875cc9b7d80ea0becce5a4cdf2f7f552a38de51dc0f80fd59048045d48b"},
    {file = "selectolax-0.4.1-cp314-cp314t-manylinux2014_aarch64.manylinux_2_17_aarch64.manylinux_2_28_aarch64.whl", hash = "sha256:9f4374159c4816767bb5a0c47a2fc3dc65d3f1c53b614876e6e66f8ad5009577"},
    {file = "selectolax-0.4.1-cp314-cp314t-manylinux2014_x86_64.manylinux_2_17_x86_64.manylinux_2_28_x86_64.whl", hash = "sha256:140db53496eb6d15fca187ca85e770bb889d5eb0994c0173f9a56513f31d5a46"},
    {file = "selectolax-0.4.1-cp314-cp314t-musllinux_1_2_aarch64.whl", hash = "sha256:e52a3eccb0d9da471ea09b4000e4d0a32e5094cfad76d17d2311b48e9b49046a"},
    {file = "selectolax-0.4.1-cp314-cp314t-musllinux_1_2_x86_64.whl", hash = "sha256:aad323017fc75dd0543b9617ce2c99db49efba787a74904d45e7e036d545c0a1"},
    {file = "selectolax-0.4.1-cp314-cp314t-win32.whl", hash = "sha256:434b18ae66566c7b376513585c89c05dd77f67feaf5eb0687e96786398da403b"},
    {file = "selectolax-0.4.1-cp314-cp314t-win_amd64.whl", hash = "sha256:7ee47eccd9f9705f784b872cbaa8328b27878b7fe3e060ca5a27125a9b47034f"},
    {file = "selectolax-0.4.1-cp314-cp314t-win_arm64.whl", hash = "sha256:2d2e2944b28ccbbaa7cb403fe86702fef616a35421bc5cbd6a618ad3dce3dac2"},
    {file = "selectolax-0.4.1-cp39-cp39-macosx_10_9_x86_64.whl", hash = "sha256:717cd99ce6337cc623b2bd8cfbea3f3ecce6a40ee80f1104b1bead7056d6408f"},
    {file = "selectolax-0.4.1-cp39-cp39-macosx_11_0_arm64.whl", hash = "sha256:cd7e5fa804cec79b5b30dd8b6c55538da288b26d4ed896c4c37a21844fa95431"},
    {file = "selectolax-0.4.1-cp39-cp39-manylinux2014_aarch64.manylinux_2_17_aarch64.manylinux_2_28_aarch64.whl", hash = "sha256:590332c4f782685969886ffec03ea8cd4aaf1aa17975986e36a50deb02a8b223"},
    {file = "selectolax-0.4.1-cp39-cp39-manylinux2014_x86_64.manylinux_2_17_x86_64.manylinux_2_28_x86_64.whl", hash = "sha256:9d95256ea7a687b23b3ba459d7581f3e86508c5778fea8ae2e1812d6a0a7d7dc"},
    {file = "selectolax-0.4.1-cp39-cp39-musllinux_1_2_aarch64.whl", hash = "sha256:59fe4c39bedd0b14521910ccc0199478f3b079b5abf0a8531d9269bb52b89bff"},
    {file = "selectolax-0.4.1-cp39-cp39-musllinux_1_2_x86_64.whl", hash = "sha256:e221a1bdd8326a52cfb7be484eb1317ccd11ccd1ccf24f6709128ac50086b327"},
    {file = "selectolax-0.4.1-cp39-cp39-win32.whl", hash = "sha256:2b749be78bbc62c829183cb1b3779ee9c12b7e69f91ccbe5c768dc95b13f06fb"},
    {file = "selectolax-0.4.1-cp39-cp39-win_amd64.whl", hash = "sha256:ed13255505fbd1f10737dfa8164375b57e568fb1225042d9588c5b1f0000bc8e"},
    {file = "selectolax-0.4.1-cp39-cp39-win_arm64.whl", hash = "sha256:1cc5eb09c3366d7a4110ac18f765ce046ed423240be7b0fd691ea6284e06a114"},
    {file = "selectolax-0.4.1.tar.gz", hash = "sha256:f0cca2d4cc2e69d8ef9864071efcf4fc97f5afc042f9becee045dff63c09be43"},
]

[package.extras]
cython = ["Cython"]

[[package]]
name = "six"
version = "1.16.0"
description = "Python 2 and 3 compatibility utilities"
optional = false
python-versions = ">=2.7, !=3.0.*, !=3.1.*, !=3.2.*"
groups = ["main"]
files = [
    {file = "six-1.16.0-py2.py3-none-any.whl", hash = "sha256:8abb2f1d86890a2dfb989f9a77cfcfd3e47c2a354b01111771326f8aa26e0254"},
    {file = "six-1.16.0.tar.gz", hash = "sha256:1e61c37477a1626458e36f7b1d82aa5c9b094fa4802892072e49de9c60c4c926"},
]

[[package]]
name = "sniffio"
version = "1.3.1"
description = "Sniff out which async library your code is running under"
optional = false
python-versions = ">=3.7"
groups = ["main"]
files = [
    {file = "sniffio-1.3.1-py3-none-any.whl", hash = "sha256:2f6da418d1f1e0fddd844478f41680e794e6051915791a034ff65e5f100525a2"},
    {file = "sniffio-1.3.1.tar.gz", hash = "sha256:f4324edc670a0f49750a81b895f35c3adb843cca46f0530f79fc1babb23789dc"},
]

[[package]]
name = "tomli"
version = "2.0.1"
description = "A lil' TOML parser"
optional = false
python-versions = ">=3.7"
groups = ["dev"]
markers = "python_version == \"3.10\""
files = [
    {file = "tomli-2.0.1-py3-none-any.whl", hash = "sha256:939de3e7a6161af0c887ef91b7d41a53e7c5a1ca976325f429cb46ea9bc30ecc"},
    {file = "tomli-2.0.1.tar.gz", hash = "sha256:de526c12914f0c550d15924c62d72abc48d6fe7364aa87328337a31007fe8a4f"},
]

[[package]]
name = "typing-extensions"
version = "4.15.0"
description = "Backported and Experimental Type Hints for Python 3.9+"
optional = false
python-versions = ">=3.9"
groups = ["main", "dev"]
files = [
    {file = "typing_extensions-4.15.0-py3-none-any.whl", hash = "sha256:f0fa19c6845758ab08074a0cfa8b7aecb71c999ca73d62883bc25cc018c4e548"},
    {file = "typing_extensions-4.15.0.tar.gz", hash = "sha256:0cea48d173cc12fa28ecabc3b837ea3cf6f38c6d1136f85cbaaf598984861466"},
]
markers = {dev = "python_version == \"3.10\""}

[[package]]
name = "urllib3"
version = "2.6.3"
description = "HTTP library with thread-safe connection pooling, file post, and more."
optional = false
python-versions = ">=3.9"
groups = ["main"]
files = [
    {file = "urllib3-2.6.3-py3-none-any.whl", hash = "sha256:bf272323e553dfb2e87d9bfd225ca7b0f467b919d7bbd355436d3fd37cb0acd4"},
    {file = "urllib3-2.6.3.tar.gz", hash = "sha256:1b62b6884944a57dbe321509ab94fd4d3b307075e0c2eae991ac71ee15ad38ed"},
]

[package.extras]
brotli = ["brotli (>=1.2.0) ; platform_python_implementation == \"CPython\"", "brotlicffi (>=1.2.0.0) ; platform_python_implementation != \"CPython\""]
h2 = ["h2 (>=4,<5)"]
socks = ["pysocks (>=1.5.6,!=1.5.7,<2.0)"]
zstd = ["backports-zstd (>=1.0.0) ; python_version < \"3.14\""]

[metadata]
lock-version = "2.1"
python-versions = "^3.10"
content-hash = "66e95ef677fcde540f88b1f117ec7a9d77fca11a22bde4d0aa6e180111ff7b6c"
